// !$*UTF8*$!
{
	archiveVersion = 1;
	classes = {
	};
	objectVersion = 50;
	objects = {

/* Begin PBXBuildFile section */
		FDA025C126B19970009B75EE /* AppDelegate.swift in Sources */ = {isa = PBXBuildFile; fileRef = FDA025C026B19970009B75EE /* AppDelegate.swift */; };
		FDA025C326B19970009B75EE /* SceneDelegate.swift in Sources */ = {isa = PBXBuildFile; fileRef = FDA025C226B19970009B75EE /* SceneDelegate.swift */; };
		FDA025C526B19970009B75EE /* ContentView.swift in Sources */ = {isa = PBXBuildFile; fileRef = FDA025C426B19970009B75EE /* ContentView.swift */; };
		FDA025C826B19970009B75EE /* SwiftUIToDoList.xcdatamodeld in Sources */ = {isa = PBXBuildFile; fileRef = FDA025C626B19970009B75EE /* SwiftUIToDoList.xcdatamodeld */; };
		FDA025CA26B19971009B75EE /* Assets.xcassets in Resources */ = {isa = PBXBuildFile; fileRef = FDA025C926B19971009B75EE /* Assets.xcassets */; };
		FDA025CD26B19971009B75EE /* Preview Assets.xcassets in Resources */ = {isa = PBXBuildFile; fileRef = FDA025CC26B19971009B75EE /* Preview Assets.xcassets */; };
		FDA025D026B19971009B75EE /* LaunchScreen.storyboard in Resources */ = {isa = PBXBuildFile; fileRef = FDA025CE26B19971009B75EE /* LaunchScreen.storyboard */; };
/* End PBXBuildFile section */

/* Begin PBXFileReference section */
		FDA025BD26B19970009B75EE /* SwiftUIToDoList.app */ = {isa = PBXFileReference; explicitFileType = wrapper.application; includeInIndex = 0; path = SwiftUIToDoList.app; sourceTree = BUILT_PRODUCTS_DIR; };
		FDA025C026B19970009B75EE /* AppDelegate.swift */ = {isa = PBXFileReference; lastKnownFileType = sourcecode.swift; path = AppDelegate.swift; sourceTree = "<group>"; };
		FDA025C226B19970009B75EE /* SceneDelegate.swift */ = {isa = PBXFileReference; lastKnownFileType = sourcecode.swift; path = SceneDelegate.swift; sourceTree = "<group>"; };
		FDA025C426B19970009B75EE /* ContentView.swift */ = {isa = PBXFileReference; lastKnownFileType = sourcecode.swift; path = ContentView.swift; sourceTree = "<group>"; };
		FDA025C726B19970009B75EE /* SwiftUIToDoList.xcdatamodel */ = {isa = PBXFileReference; lastKnownFileType = wrapper.xcdatamodel; path = SwiftUIToDoList.xcdatamodel; sourceTree = "<group>"; };
		FDA025C926B19971009B75EE /* Assets.xcassets */ = {isa = PBXFileReference; lastKnownFileType = folder.assetcatalog; path = Assets.xcassets; sourceTree = "<group>"; };
		FDA025CC26B19971009B75EE /* Preview Assets.xcassets */ = {isa = PBXFileReference; lastKnownFileType = folder.assetcatalog; path = "Preview Assets.xcassets"; sourceTree = "<group>"; };
		FDA025CF26B19971009B75EE /* Base */ = {isa = PBXFileReference; lastKnownFileType = file.storyboard; name = Base; path = Base.lproj/LaunchScreen.storyboard; sourceTree = "<group>"; };
		FDA025D126B19971009B75EE /* Info.plist */ = {isa = PBXFileReference; lastKnownFileType = text.plist.xml; path = Info.plist; sourceTree = "<group>"; };
/* End PBXFileReference section */

/* Begin PBXFrameworksBuildPhase section */
		FDA025BA26B19970009B75EE /* Frameworks */ = {
			isa = PBXFrameworksBuildPhase;
			buildActionMask = 2147483647;
			files = (
			);
			runOnlyForDeploymentPostprocessing = 0;
		};
/* End PBXFrameworksBuildPhase section */

/* Begin PBXGroup section */
		FDA025B426B19970009B75EE = {
			isa = PBXGroup;
			children = (
				FDA025BF26B19970009B75EE /* SwiftUIToDoList */,
				FDA025BE26B19970009B75EE /* Products */,
			);
			sourceTree = "<group>";
		};
		FDA025BE26B19970009B75EE /* Products */ = {
			isa = PBXGroup;
			children = (
				FDA025BD26B19970009B75EE /* SwiftUIToDoList.app */,
			);
			name = Products;
			sourceTree = "<group>";
		};
		FDA025BF26B19970009B75EE /* SwiftUIToDoList */ = {
			isa = PBXGroup;
			children = (
				FDA025C026B19970009B75EE /* AppDelegate.swift */,
				FDA025C226B19970009B75EE /* SceneDelegate.swift */,
				FDA025C426B19970009B75EE /* ContentView.swift */,
				FDA025C926B19971009B75EE /* Assets.xcassets */,
				FDA025CE26B19971009B75EE /* LaunchScreen.storyboard */,
				FDA025D126B19971009B75EE /* Info.plist */,
				FDA025C626B19970009B75EE /* SwiftUIToDoList.xcdatamodeld */,
				FDA025CB26B19971009B75EE /* Preview Content */,
			);
			path = SwiftUIToDoList;
			sourceTree = "<group>";
		};
		FDA025CB26B19971009B75EE /* Preview Content */ = {
			isa = PBXGroup;
			children = (
				FDA025CC26B19971009B75EE /* Preview Assets.xcassets */,
			);
			path = "Preview Content";
			sourceTree = "<group>";
		};
/* End PBXGroup section */

/* Begin PBXNativeTarget section */
		FDA025BC26B19970009B75EE /* SwiftUIToDoList */ = {
			isa = PBXNativeTarget;
			buildConfigurationList = FDA025D426B19971009B75EE /* Build configuration list for PBXNativeTarget "SwiftUIToDoList" */;
			buildPhases = (
				FDA025B926B19970009B75EE /* Sources */,
				FDA025BA26B19970009B75EE /* Frameworks */,
				FDA025BB26B19970009B75EE /* Resources */,
			);
			buildRules = (
			);
			dependencies = (
			);
			name = SwiftUIToDoList;
			productName = SwiftUIToDoList;
			productReference = FDA025BD26B19970009B75EE /* SwiftUIToDoList.app */;
			productType = "com.apple.product-type.application";
		};
/* End PBXNativeTarget section */

/* Begin PBXProject section */
		FDA025B526B19970009B75EE /* Project object */ = {
			isa = PBXProject;
			attributes = {
				LastSwiftUpdateCheck = 1250;
				LastUpgradeCheck = 1250;
				TargetAttributes = {
					FDA025BC26B19970009B75EE = {
						CreatedOnToolsVersion = 12.5.1;
					};
				};
			};
			buildConfigurationList = FDA025B826B19970009B75EE /* Build configuration list for PBXProject "SwiftUIToDoList" */;
			compatibilityVersion = "Xcode 9.3";
			developmentRegion = en;
			hasScannedForEncodings = 0;
			knownRegions = (
				en,
				Base,
			);
			mainGroup = FDA025B426B19970009B75EE;
			productRefGroup = FDA025BE26B19970009B75EE /* Products */;
			projectDirPath = "";
			projectRoot = "";
			targets = (
				FDA025BC26B19970009B75EE /* SwiftUIToDoList */,
			);
		};
/* End PBXProject section */

/* Begin PBXResourcesBuildPhase section */
		FDA025BB26B19970009B75EE /* Resources */ = {
			isa = PBXResourcesBuildPhase;
			buildActionMask = 2147483647;
			files = (
				FDA025D026B19971009B75EE /* LaunchScreen.storyboard in Resources */,
				FDA025CD26B19971009B75EE /* Preview Assets.xcassets in Resources */,
				FDA025CA26B19971009B75EE /* Assets.xcassets in Resources */,
			);
			runOnlyForDeploymentPostprocessing = 0;
		};
/* End PBXResourcesBuildPhase section */

/* Begin PBXSourcesBuildPhase section */
		FDA025B926B19970009B75EE /* Sources */ = {
			isa = PBXSourcesBuildPhase;
			buildActionMask = 2147483647;
			files = (
				FDA025C126B19970009B75EE /* AppDelegate.swift in Sources */,
				FDA025C826B19970009B75EE /* SwiftUIToDoList.xcdatamodeld in Sources */,
				FDA025C326B19970009B75EE /* SceneDelegate.swift in Sources */,
				FDA025C526B19970009B75EE /* ContentView.swift in Sources */,
			);
			runOnlyForDeploymentPostprocessing = 0;
		};
/* End PBXSourcesBuildPhase section */

/* Begin PBXVariantGroup section */
		FDA025CE26B19971009B75EE /* LaunchScreen.storyboard */ = {
			isa = PBXVariantGroup;
			children = (
				FDA025CF26B19971009B75EE /* Base */,
			);
			name = LaunchScreen.storyboard;
			sourceTree = "<group>";
		};
/* End PBXVariantGroup section */

/* Begin XCBuildConfiguration section */
		FDA025D226B19971009B75EE /* Debug */ = {
			isa = XCBuildConfiguration;
			buildSettings = {
				ALWAYS_SEARCH_USER_PATHS = NO;
				CLANG_ANALYZER_NONNULL = YES;
				CLANG_ANALYZER_NUMBER_OBJECT_CONVERSION = YES_AGGRESSIVE;
				CLANG_CXX_LANGUAGE_STANDARD = "gnu++14";
				CLANG_CXX_LIBRARY = "libc++";
				CLANG_ENABLE_MODULES = YES;
				CLANG_ENABLE_OBJC_ARC = YES;
				CLANG_ENABLE_OBJC_WEAK = YES;
				CLANG_WARN_BLOCK_CAPTURE_AUTORELEASING = YES;
				CLANG_WARN_BOOL_CONVERSION = YES;
				CLANG_WARN_COMMA = YES;
				CLANG_WARN_CONSTANT_CONVERSION = YES;
				CLANG_WARN_DEPRECATED_OBJC_IMPLEMENTATIONS = YES;
				CLANG_WARN_DIRECT_OBJC_ISA_USAGE = YES_ERROR;
				CLANG_WARN_DOCUMENTATION_COMMENTS = YES;
				CLANG_WARN_EMPTY_BODY = YES;
				CLANG_WARN_ENUM_CONVERSION = YES;
				CLANG_WARN_INFINITE_RECURSION = YES;
				CLANG_WARN_INT_CONVERSION = YES;
				CLANG_WARN_NON_LITERAL_NULL_CONVERSION = YES;
				CLANG_WARN_OBJC_IMPLICIT_RETAIN_SELF = YES;
				CLANG_WARN_OBJC_LITERAL_CONVERSION = YES;
				CLANG_WARN_OBJC_ROOT_CLASS = YES_ERROR;
				CLANG_WARN_QUOTED_INCLUDE_IN_FRAMEWORK_HEADER = YES;
				CLANG_WARN_RANGE_LOOP_ANALYSIS = YES;
				CLANG_WARN_STRICT_PROTOTYPES = YES;
				CLANG_WARN_SUSPICIOUS_MOVE = YES;
				CLANG_WARN_UNGUARDED_AVAILABILITY = YES_AGGRESSIVE;
				CLANG_WARN_UNREACHABLE_CODE = YES;
				CLANG_WARN__DUPLICATE_METHOD_MATCH = YES;
				COPY_PHASE_STRIP = NO;
				DEBUG_INFORMATION_FORMAT = dwarf;
				ENABLE_STRICT_OBJC_MSGSEND = YES;
				ENABLE_TESTABILITY = YES;
				GCC_C_LANGUAGE_STANDARD = gnu11;
				GCC_DYNAMIC_NO_PIC = NO;
				GCC_NO_COMMON_BLOCKS = YES;
				GCC_OPTIMIZATION_LEVEL = 0;
				GCC_PREPROCESSOR_DEFINITIONS = (
					"DEBUG=1",
					"$(inherited)",
				);
				GCC_WARN_64_TO_32_BIT_CONVERSION = YES;
				GCC_WARN_ABOUT_RETURN_TYPE = YES_ERROR;
				GCC_WARN_UNDECLARED_SELECTOR = YES;
				GCC_WARN_UNINITIALIZED_AUTOS = YES_AGGRESSIVE;
				GCC_WARN_UNUSED_FUNCTION = YES;
				GCC_WARN_UNUSED_VARIABLE = YES;
				IPHONEOS_DEPLOYMENT_TARGET = 14.5;
				MTL_ENABLE_DEBUG_INFO = INCLUDE_SOURCE;
				MTL_FAST_MATH = YES;
				ONLY_ACTIVE_ARCH = YES;
				SDKROOT = iphoneos;
				SWIFT_ACTIVE_COMPILATION_CONDITIONS = DEBUG;
				SWIFT_OPTIMIZATION_LEVEL = "-Onone";
			};
			name = Debug;
		};
		FDA025D326B19971009B75EE /* Release */ = {
			isa = XCBuildConfiguration;
			buildSettings = {
				ALWAYS_SEARCH_USER_PATHS = NO;
				CLANG_ANALYZER_NONNULL = YES;
				CLANG_ANALYZER_NUMBER_OBJECT_CONVERSION = YES_AGGRESSIVE;
				CLANG_CXX_LANGUAGE_STANDARD = "gnu++14";
				CLANG_CXX_LIBRARY = "libc++";
				CLANG_ENABLE_MODULES = YES;
				CLANG_ENABLE_OBJC_ARC = YES;
				CLANG_ENABLE_OBJC_WEAK = YES;
				CLANG_WARN_BLOCK_CAPTURE_AUTORELEASING = YES;
				CLANG_WARN_BOOL_CONVERSION = YES;
				CLANG_WARN_COMMA = YES;
				CLANG_WARN_CONSTANT_CONVERSION = YES;
				CLANG_WARN_DEPRECATED_OBJC_IMPLEMENTATIONS = YES;
				CLANG_WARN_DIRECT_OBJC_ISA_USAGE = YES_ERROR;
				CLANG_WARN_DOCUMENTATION_COMMENTS = YES;
				CLANG_WARN_EMPTY_BODY = YES;
				CLANG_WARN_ENUM_CONVERSION = YES;
				CLANG_WARN_INFINITE_RECURSION = YES;
				CLANG_WARN_INT_CONVERSION = YES;
				CLANG_WARN_NON_LITERAL_NULL_CONVERSION = YES;
				CLANG_WARN_OBJC_IMPLICIT_RETAIN_SELF = YES;
				CLANG_WARN_OBJC_LITERAL_CONVERSION = YES;
				CLANG_WARN_OBJC_ROOT_CLASS = YES_ERROR;
				CLANG_WARN_QUOTED_INCLUDE_IN_FRAMEWORK_HEADER = YES;
				CLANG_WARN_RANGE_LOOP_ANALYSIS = YES;
				CLANG_WARN_STRICT_PROTOTYPES = YES;
				CLANG_WARN_SUSPICIOUS_MOVE = YES;
				CLANG_WARN_UNGUARDED_AVAILABILITY = YES_AGGRESSIVE;
				CLANG_WARN_UNREACHABLE_CODE = YES;
				CLANG_WARN__DUPLICATE_METHOD_MATCH = YES;
				COPY_PHASE_STRIP = NO;
				DEBUG_INFORMATION_FORMAT = "dwarf-with-dsym";
				ENABLE_NS_ASSERTIONS = NO;
				ENABLE_STRICT_OBJC_MSGSEND = YES;
				GCC_C_LANGUAGE_STANDARD = gnu11;
				GCC_NO_COMMON_BLOCKS = YES;
				GCC_WARN_64_TO_32_BIT_CONVERSION = YES;
				GCC_WARN_ABOUT_RETURN_TYPE = YES_ERROR;
				GCC_WARN_UNDECLARED_SELECTOR = YES;
				GCC_WARN_UNINITIALIZED_AUTOS = YES_AGGRESSIVE;
				GCC_WARN_UNUSED_FUNCTION = YES;
				GCC_WARN_UNUSED_VARIABLE = YES;
				IPHONEOS_DEPLOYMENT_TARGET = 14.5;
				MTL_ENABLE_DEBUG_INFO = NO;
				MTL_FAST_MATH = YES;
				SDKROOT = iphoneos;
				SWIFT_COMPILATION_MODE = wholemodule;
				SWIFT_OPTIMIZATION_LEVEL = "-O";
				VALIDATE_PRODUCT = YES;
			};
			name = Release;
		};
		FDA025D526B19971009B75EE /* Debug */ = {
			isa = XCBuildConfiguration;
			buildSettings = {
				ASSETCATALOG_COMPILER_APPICON_NAME = AppIcon;
				ASSETCATALOG_COMPILER_GLOBAL_ACCENT_COLOR_NAME = AccentColor;
				CODE_SIGN_STYLE = Automatic;
				DEVELOPMENT_ASSET_PATHS = "\"SwiftUIToDoList/Preview Content\"";
				DEVELOPMENT_TEAM = 2CD7ADUX52;
				ENABLE_PREVIEWS = YES;
				INFOPLIST_FILE = SwiftUIToDoList/Info.plist;
				LD_RUNPATH_SEARCH_PATHS = (
					"$(inherited)",
					"@executable_path/Frameworks",
				);
				PRODUCT_BUNDLE_IDENTIFIER = stepan.SwiftUIToDoList;
				PRODUCT_NAME = "$(TARGET_NAME)";
				SWIFT_VERSION = 5.0;
				TARGETED_DEVICE_FAMILY = "1,2";
			};
			name = Debug;
		};
		FDA025D626B19971009B75EE /* Release */ = {
			isa = XCBuildConfiguration;
			buildSettings = {
				ASSETCATALOG_COMPILER_APPICON_NAME = AppIcon;
				ASSETCATALOG_COMPILER_GLOBAL_ACCENT_COLOR_NAME = AccentColor;
				CODE_SIGN_STYLE = Automatic;
				DEVELOPMENT_ASSET_PATHS = "\"SwiftUIToDoList/Preview Content\"";
				DEVELOPMENT_TEAM = 2CD7ADUX52;
				ENABLE_PREVIEWS = YES;
				INFOPLIST_FILE = SwiftUIToDoList/Info.plist;
				LD_RUNPATH_SEARCH_PATHS = (
					"$(inherited)",
					"@executable_path/Frameworks",
				);
				PRODUCT_BUNDLE_IDENTIFIER = stepan.SwiftUIToDoList;
				PRODUCT_NAME = "$(TARGET_NAME)";
				SWIFT_VERSION = 5.0;
				TARGETED_DEVICE_FAMILY = "1,2";
			};
			name = Release;
		};
/* End XCBuildConfiguration section */

/* Begin XCConfigurationList section */
		FDA025B826B19970009B75EE /* Build configuration list for PBXProject "SwiftUIToDoList" */ = {
			isa = XCConfigurationList;
			buildConfigurations = (
				FDA025D226B19971009B75EE /* Debug */,
				FDA025D326B19971009B75EE /* Release */,
			);
			defaultConfigurationIsVisible = 0;
			defaultConfigurationName = Release;
		};
		FDA025D426B19971009B75EE /* Build configuration list for PBXNativeTarget "SwiftUIToDoList" */ = {
			isa = XCConfigurationList;
			buildConfigurations = (
				FDA025D526B19971009B75EE /* Debug */,
				FDA025D626B19971009B75EE /* Release */,
			);
			defaultConfigurationIsVisible = 0;
			defaultConfigurationName = Release;
		};
/* End XCConfigurationList section */

/* Begin XCVersionGroup section */
		FDA025C626B19970009B75EE /* SwiftUIToDoList.xcdatamodeld */ = {
			isa = XCVersionGroup;
			children = (
				FDA025C726B19970009B75EE /* SwiftUIToDoList.xcdatamodel */,
			);
			currentVersion = FDA025C726B19970009B75EE /* SwiftUIToDoList.xcdatamodel */;
			path = SwiftUIToDoList.xcdatamodeld;
			sourceTree = "<group>";
			versionGroupType = wrapper.xcdatamodel;
		};
/* End XCVersionGroup section */
	};
	rootObject = FDA025B526B19970009B75EE /* Project object */;
}
